// !$*UTF8*$!
{
	archiveVersion = 1;
	classes = {
	};
	objectVersion = 50;
	objects = {

/* Begin PBXBuildFile section */
		0B9FA428241BA6EB0052CD20 /* main.swift in Sources */ = {isa = PBXBuildFile; fileRef = 0B9FA427241BA6EB0052CD20 /* main.swift */; };
		0B9FA42F241BB3330052CD20 /* Card.swift in Sources */ = {isa = PBXBuildFile; fileRef = 0B9FA42E241BB3330052CD20 /* Card.swift */; };
		0B9FA436241BD3CA0052CD20 /* CardDAO.swift in Sources */ = {isa = PBXBuildFile; fileRef = 0B9FA435241BD3CA0052CD20 /* CardDAO.swift */; };
		DE3043F8243782FC00C5CED4 /* scripts.swift in Sources */ = {isa = PBXBuildFile; fileRef = DE3043F6243782FC00C5CED4 /* scripts.swift */; };
		DE3043F9243782FC00C5CED4 /* Alg.swift in Sources */ = {isa = PBXBuildFile; fileRef = DE3043F7243782FC00C5CED4 /* Alg.swift */; };
		DE7CE2872439289500D04E8A /* MainView.swift in Sources */ = {isa = PBXBuildFile; fileRef = DE7CE2862439289500D04E8A /* MainView.swift */; };
		DE7CE28B2439290600D04E8A /* MainViewController.swift in Sources */ = {isa = PBXBuildFile; fileRef = DE7CE28A2439290600D04E8A /* MainViewController.swift */; };
/* End PBXBuildFile section */

/* Begin PBXCopyFilesBuildPhase section */
		0B9FA422241BA6EB0052CD20 /* CopyFiles */ = {
			isa = PBXCopyFilesBuildPhase;
			buildActionMask = 2147483647;
			dstPath = /usr/share/man/man1/;
			dstSubfolderSpec = 0;
			files = (
			);
			runOnlyForDeploymentPostprocessing = 1;
		};
/* End PBXCopyFilesBuildPhase section */

/* Begin PBXFileReference section */
		0B9FA424241BA6EB0052CD20 /* Spaced Repetition App */ = {isa = PBXFileReference; explicitFileType = "compiled.mach-o.executable"; includeInIndex = 0; path = "Spaced Repetition App"; sourceTree = BUILT_PRODUCTS_DIR; };
		0B9FA427241BA6EB0052CD20 /* main.swift */ = {isa = PBXFileReference; lastKnownFileType = sourcecode.swift; path = main.swift; sourceTree = "<group>"; };
		0B9FA42E241BB3330052CD20 /* Card.swift */ = {isa = PBXFileReference; lastKnownFileType = sourcecode.swift; path = Card.swift; sourceTree = "<group>"; };
		0B9FA435241BD3CA0052CD20 /* CardDAO.swift */ = {isa = PBXFileReference; lastKnownFileType = sourcecode.swift; path = CardDAO.swift; sourceTree = "<group>"; };
		DE3043F6243782FC00C5CED4 /* scripts.swift */ = {isa = PBXFileReference; fileEncoding = 4; lastKnownFileType = sourcecode.swift; path = scripts.swift; sourceTree = "<group>"; };
		DE3043F7243782FC00C5CED4 /* Alg.swift */ = {isa = PBXFileReference; fileEncoding = 4; lastKnownFileType = sourcecode.swift; path = Alg.swift; sourceTree = "<group>"; };
		DE7CE2862439289500D04E8A /* MainView.swift */ = {isa = PBXFileReference; lastKnownFileType = sourcecode.swift; path = MainView.swift; sourceTree = "<group>"; };
		DE7CE28A2439290600D04E8A /* MainViewController.swift */ = {isa = PBXFileReference; lastKnownFileType = sourcecode.swift; path = MainViewController.swift; sourceTree = "<group>"; };
/* End PBXFileReference section */

/* Begin PBXFrameworksBuildPhase section */
		0B9FA421241BA6EB0052CD20 /* Frameworks */ = {
			isa = PBXFrameworksBuildPhase;
			buildActionMask = 2147483647;
			files = (
			);
			runOnlyForDeploymentPostprocessing = 0;
		};
/* End PBXFrameworksBuildPhase section */

/* Begin PBXGroup section */
		0B9FA41B241BA6EB0052CD20 = {
			isa = PBXGroup;
			children = (
				0B9FA426241BA6EB0052CD20 /* Spaced Repetition App */,
				0B9FA425241BA6EB0052CD20 /* Products */,
			);
			sourceTree = "<group>";
		};
		0B9FA425241BA6EB0052CD20 /* Products */ = {
			isa = PBXGroup;
			children = (
				0B9FA424241BA6EB0052CD20 /* Spaced Repetition App */,
			);
			name = Products;
			sourceTree = "<group>";
		};
		0B9FA426241BA6EB0052CD20 /* Spaced Repetition App */ = {
			isa = PBXGroup;
			children = (
				DE558401243A8214004B5AFE /* Model */,
				DE558403243A8237004B5AFE /* Controller */,
				DE558402243A822D004B5AFE /* View */,
				0B9FA427241BA6EB0052CD20 /* main.swift */,
			);
			path = "Spaced Repetition App";
			sourceTree = "<group>";
		};
		DE558401243A8214004B5AFE /* Model */ = {
			isa = PBXGroup;
			children = (
				DE3043F6243782FC00C5CED4 /* scripts.swift */,
				DE3043F7243782FC00C5CED4 /* Alg.swift */,
				0B9FA435241BD3CA0052CD20 /* CardDAO.swift */,
				0B9FA42E241BB3330052CD20 /* Card.swift */,
			);
			path = Model;
			sourceTree = "<group>";
		};
		DE558402243A822D004B5AFE /* View */ = {
			isa = PBXGroup;
			children = (
				DE7CE2862439289500D04E8A /* MainView.swift */,
			);
			path = View;
			sourceTree = "<group>";
		};
		DE558403243A8237004B5AFE /* Controller */ = {
			isa = PBXGroup;
			children = (
				DE7CE28A2439290600D04E8A /* MainViewController.swift */,
			);
			path = Controller;
			sourceTree = "<group>";
		};
/* End PBXGroup section */

/* Begin PBXNativeTarget section */
		0B9FA423241BA6EB0052CD20 /* Spaced Repetition App */ = {
			isa = PBXNativeTarget;
			buildConfigurationList = 0B9FA42B241BA6EB0052CD20 /* Build configuration list for PBXNativeTarget "Spaced Repetition App" */;
			buildPhases = (
				0B9FA420241BA6EB0052CD20 /* Sources */,
				0B9FA421241BA6EB0052CD20 /* Frameworks */,
				0B9FA422241BA6EB0052CD20 /* CopyFiles */,
			);
			buildRules = (
			);
			dependencies = (
			);
			name = "Spaced Repetition App";
			productName = "Spaced Repetition App";
			productReference = 0B9FA424241BA6EB0052CD20 /* Spaced Repetition App */;
			productType = "com.apple.product-type.tool";
		};
/* End PBXNativeTarget section */

/* Begin PBXProject section */
		0B9FA41C241BA6EB0052CD20 /* Project object */ = {
			isa = PBXProject;
			attributes = {
				LastSwiftUpdateCheck = 1130;
				LastUpgradeCheck = 1130;
				ORGANIZATIONNAME = "Kellyane Nogueira";
				TargetAttributes = {
					0B9FA423241BA6EB0052CD20 = {
						CreatedOnToolsVersion = 11.3.1;
					};
				};
			};
			buildConfigurationList = 0B9FA41F241BA6EB0052CD20 /* Build configuration list for PBXProject "Spaced Repetition App" */;
			compatibilityVersion = "Xcode 9.3";
			developmentRegion = en;
			hasScannedForEncodings = 0;
			knownRegions = (
				en,
				Base,
			);
			mainGroup = 0B9FA41B241BA6EB0052CD20;
			productRefGroup = 0B9FA425241BA6EB0052CD20 /* Products */;
			projectDirPath = "";
			projectRoot = "";
			targets = (
				0B9FA423241BA6EB0052CD20 /* Spaced Repetition App */,
			);
		};
/* End PBXProject section */

/* Begin PBXSourcesBuildPhase section */
		0B9FA420241BA6EB0052CD20 /* Sources */ = {
			isa = PBXSourcesBuildPhase;
			buildActionMask = 2147483647;
			files = (
				DE7CE28B2439290600D04E8A /* MainViewController.swift in Sources */,
				DE3043F8243782FC00C5CED4 /* scripts.swift in Sources */,
				DE7CE2872439289500D04E8A /* MainView.swift in Sources */,
				0B9FA428241BA6EB0052CD20 /* main.swift in Sources */,
				0B9FA42F241BB3330052CD20 /* Card.swift in Sources */,
				DE3043F9243782FC00C5CED4 /* Alg.swift in Sources */,
				0B9FA436241BD3CA0052CD20 /* CardDAO.swift in Sources */,
			);
			runOnlyForDeploymentPostprocessing = 0;
		};
/* End PBXSourcesBuildPhase section */

/* Begin XCBuildConfiguration section */
		0B9FA429241BA6EB0052CD20 /* Debug */ = {
			isa = XCBuildConfiguration;
			buildSettings = {
				ALWAYS_SEARCH_USER_PATHS = NO;
				CLANG_ANALYZER_NONNULL = YES;
				CLANG_ANALYZER_NUMBER_OBJECT_CONVERSION = YES_AGGRESSIVE;
				CLANG_CXX_LANGUAGE_STANDARD = "gnu++14";
				CLANG_CXX_LIBRARY = "libc++";
				CLANG_ENABLE_MODULES = YES;
				CLANG_ENABLE_OBJC_ARC = YES;
				CLANG_ENABLE_OBJC_WEAK = YES;
				CLANG_WARN_BLOCK_CAPTURE_AUTORELEASING = YES;
				CLANG_WARN_BOOL_CONVERSION = YES;
				CLANG_WARN_COMMA = YES;
				CLANG_WARN_CONSTANT_CONVERSION = YES;
				CLANG_WARN_DEPRECATED_OBJC_IMPLEMENTATIONS = YES;
				CLANG_WARN_DIRECT_OBJC_ISA_USAGE = YES_ERROR;
				CLANG_WARN_DOCUMENTATION_COMMENTS = YES;
				CLANG_WARN_EMPTY_BODY = YES;
				CLANG_WARN_ENUM_CONVERSION = YES;
				CLANG_WARN_INFINITE_RECURSION = YES;
				CLANG_WARN_INT_CONVERSION = YES;
				CLANG_WARN_NON_LITERAL_NULL_CONVERSION = YES;
				CLANG_WARN_OBJC_IMPLICIT_RETAIN_SELF = YES;
				CLANG_WARN_OBJC_LITERAL_CONVERSION = YES;
				CLANG_WARN_OBJC_ROOT_CLASS = YES_ERROR;
				CLANG_WARN_RANGE_LOOP_ANALYSIS = YES;
				CLANG_WARN_STRICT_PROTOTYPES = YES;
				CLANG_WARN_SUSPICIOUS_MOVE = YES;
				CLANG_WARN_UNGUARDED_AVAILABILITY = YES_AGGRESSIVE;
				CLANG_WARN_UNREACHABLE_CODE = YES;
				CLANG_WARN__DUPLICATE_METHOD_MATCH = YES;
				COPY_PHASE_STRIP = NO;
				DEBUG_INFORMATION_FORMAT = dwarf;
				ENABLE_STRICT_OBJC_MSGSEND = YES;
				ENABLE_TESTABILITY = YES;
				GCC_C_LANGUAGE_STANDARD = gnu11;
				GCC_DYNAMIC_NO_PIC = NO;
				GCC_NO_COMMON_BLOCKS = YES;
				GCC_OPTIMIZATION_LEVEL = 0;
				GCC_PREPROCESSOR_DEFINITIONS = (
					"DEBUG=1",
					"$(inherited)",
				);
				GCC_WARN_64_TO_32_BIT_CONVERSION = YES;
				GCC_WARN_ABOUT_RETURN_TYPE = YES_ERROR;
				GCC_WARN_UNDECLARED_SELECTOR = YES;
				GCC_WARN_UNINITIALIZED_AUTOS = YES_AGGRESSIVE;
				GCC_WARN_UNUSED_FUNCTION = YES;
				GCC_WARN_UNUSED_VARIABLE = YES;
				MACOSX_DEPLOYMENT_TARGET = 10.15;
				MTL_ENABLE_DEBUG_INFO = INCLUDE_SOURCE;
				MTL_FAST_MATH = YES;
				ONLY_ACTIVE_ARCH = YES;
				SDKROOT = macosx;
				SWIFT_ACTIVE_COMPILATION_CONDITIONS = DEBUG;
				SWIFT_OPTIMIZATION_LEVEL = "-Onone";
			};
			name = Debug;
		};
		0B9FA42A241BA6EB0052CD20 /* Release */ = {
			isa = XCBuildConfiguration;
			buildSettings = {
				ALWAYS_SEARCH_USER_PATHS = NO;
				CLANG_ANALYZER_NONNULL = YES;
				CLANG_ANALYZER_NUMBER_OBJECT_CONVERSION = YES_AGGRESSIVE;
				CLANG_CXX_LANGUAGE_STANDARD = "gnu++14";
				CLANG_CXX_LIBRARY = "libc++";
				CLANG_ENABLE_MODULES = YES;
				CLANG_ENABLE_OBJC_ARC = YES;
				CLANG_ENABLE_OBJC_WEAK = YES;
				CLANG_WARN_BLOCK_CAPTURE_AUTORELEASING = YES;
				CLANG_WARN_BOOL_CONVERSION = YES;
				CLANG_WARN_COMMA = YES;
				CLANG_WARN_CONSTANT_CONVERSION = YES;
				CLANG_WARN_DEPRECATED_OBJC_IMPLEMENTATIONS = YES;
				CLANG_WARN_DIRECT_OBJC_ISA_USAGE = YES_ERROR;
				CLANG_WARN_DOCUMENTATION_COMMENTS = YES;
				CLANG_WARN_EMPTY_BODY = YES;
				CLANG_WARN_ENUM_CONVERSION = YES;
				CLANG_WARN_INFINITE_RECURSION = YES;
				CLANG_WARN_INT_CONVERSION = YES;
				CLANG_WARN_NON_LITERAL_NULL_CONVERSION = YES;
				CLANG_WARN_OBJC_IMPLICIT_RETAIN_SELF = YES;
				CLANG_WARN_OBJC_LITERAL_CONVERSION = YES;
				CLANG_WARN_OBJC_ROOT_CLASS = YES_ERROR;
				CLANG_WARN_RANGE_LOOP_ANALYSIS = YES;
				CLANG_WARN_STRICT_PROTOTYPES = YES;
				CLANG_WARN_SUSPICIOUS_MOVE = YES;
				CLANG_WARN_UNGUARDED_AVAILABILITY = YES_AGGRESSIVE;
				CLANG_WARN_UNREACHABLE_CODE = YES;
				CLANG_WARN__DUPLICATE_METHOD_MATCH = YES;
				COPY_PHASE_STRIP = NO;
				DEBUG_INFORMATION_FORMAT = "dwarf-with-dsym";
				ENABLE_NS_ASSERTIONS = NO;
				ENABLE_STRICT_OBJC_MSGSEND = YES;
				GCC_C_LANGUAGE_STANDARD = gnu11;
				GCC_NO_COMMON_BLOCKS = YES;
				GCC_WARN_64_TO_32_BIT_CONVERSION = YES;
				GCC_WARN_ABOUT_RETURN_TYPE = YES_ERROR;
				GCC_WARN_UNDECLARED_SELECTOR = YES;
				GCC_WARN_UNINITIALIZED_AUTOS = YES_AGGRESSIVE;
				GCC_WARN_UNUSED_FUNCTION = YES;
				GCC_WARN_UNUSED_VARIABLE = YES;
				MACOSX_DEPLOYMENT_TARGET = 10.15;
				MTL_ENABLE_DEBUG_INFO = NO;
				MTL_FAST_MATH = YES;
				SDKROOT = macosx;
				SWIFT_COMPILATION_MODE = wholemodule;
				SWIFT_OPTIMIZATION_LEVEL = "-O";
			};
			name = Release;
		};
		0B9FA42C241BA6EB0052CD20 /* Debug */ = {
			isa = XCBuildConfiguration;
			buildSettings = {
				CODE_SIGN_STYLE = Automatic;
				PRODUCT_NAME = "$(TARGET_NAME)";
				SWIFT_VERSION = 5.0;
			};
			name = Debug;
		};
		0B9FA42D241BA6EB0052CD20 /* Release */ = {
			isa = XCBuildConfiguration;
			buildSettings = {
				CODE_SIGN_STYLE = Automatic;
				PRODUCT_NAME = "$(TARGET_NAME)";
				SWIFT_VERSION = 5.0;
			};
			name = Release;
		};
/* End XCBuildConfiguration section */

/* Begin XCConfigurationList section */
		0B9FA41F241BA6EB0052CD20 /* Build configuration list for PBXProject "Spaced Repetition App" */ = {
			isa = XCConfigurationList;
			buildConfigurations = (
				0B9FA429241BA6EB0052CD20 /* Debug */,
				0B9FA42A241BA6EB0052CD20 /* Release */,
			);
			defaultConfigurationIsVisible = 0;
			defaultConfigurationName = Release;
		};
		0B9FA42B241BA6EB0052CD20 /* Build configuration list for PBXNativeTarget "Spaced Repetition App" */ = {
			isa = XCConfigurationList;
			buildConfigurations = (
				0B9FA42C241BA6EB0052CD20 /* Debug */,
				0B9FA42D241BA6EB0052CD20 /* Release */,
			);
			defaultConfigurationIsVisible = 0;
			defaultConfigurationName = Release;
		};
/* End XCConfigurationList section */
	};
	rootObject = 0B9FA41C241BA6EB0052CD20 /* Project object */;
}
